// !$*UTF8*$!
{
	archiveVersion = 1;
	classes = {
	};
	objectVersion = 55;
	objects = {

/* Begin PBXBuildFile section */
		2B599417BBDCEA3D154F3B71 /* Pods_Hera.framework in Frameworks */ = {isa = PBXBuildFile; fileRef = 7B11FF632FBF9EB7B982B28D /* Pods_Hera.framework */; };
		BF078DBC287E511900608897 /* LastPeriodViewController.m in Sources */ = {isa = PBXBuildFile; fileRef = BF078DBB287E511900608897 /* LastPeriodViewController.m */; };
		BF7863C72885FEA600417C36 /* LoggingViewController.m in Sources */ = {isa = PBXBuildFile; fileRef = BF7863C62885FEA600417C36 /* LoggingViewController.m */; };
		BF7863CB28862B3E00417C36 /* cc.m in Sources */ = {isa = PBXBuildFile; fileRef = BF7863CA28862B3E00417C36 /* cc.m */; };
		BF7863CF28887CA600417C36 /* CalendarViewController.m in Sources */ = {isa = PBXBuildFile; fileRef = BF7863CE28887CA600417C36 /* CalendarViewController.m */; };
		BF7863D228887D8300417C36 /* cc_calendar.m in Sources */ = {isa = PBXBuildFile; fileRef = BF7863D128887D8300417C36 /* cc_calendar.m */; };
		BF9054A7287E2F5A0061001C /* TermsAndConditionsVC.m in Sources */ = {isa = PBXBuildFile; fileRef = BF9054A6287E2F5A0061001C /* TermsAndConditionsVC.m */; };
		BFBD3D5228820D1C008743B8 /* StartupViewController.m in Sources */ = {isa = PBXBuildFile; fileRef = BFBD3D5128820D1C008743B8 /* StartupViewController.m */; };
		BFBD3D5B2885CD40008743B8 /* LoginScreenViewController.m in Sources */ = {isa = PBXBuildFile; fileRef = BFBD3D5A2885CD40008743B8 /* LoginScreenViewController.m */; };
		BFD11BE0287E74140006E93E /* PeriodLengthViewController.m in Sources */ = {isa = PBXBuildFile; fileRef = BFD11BDF287E74140006E93E /* PeriodLengthViewController.m */; };
		BFD11BE3287F4C940006E93E /* FaceIdSetupViewController.m in Sources */ = {isa = PBXBuildFile; fileRef = BFD11BE2287F4C940006E93E /* FaceIdSetupViewController.m */; };
		BFD11BE6287F9B700006E93E /* Utilities.m in Sources */ = {isa = PBXBuildFile; fileRef = BFD11BE5287F9B700006E93E /* Utilities.m */; };
		BFD11BE92880BF840006E93E /* NotificationPermsViewController.m in Sources */ = {isa = PBXBuildFile; fileRef = BFD11BE82880BF840006E93E /* NotificationPermsViewController.m */; };
		BFD3184E287E2279003E85F3 /* AppDelegate.m in Sources */ = {isa = PBXBuildFile; fileRef = BFD3184D287E2279003E85F3 /* AppDelegate.m */; };
		BFD31851287E2279003E85F3 /* SceneDelegate.m in Sources */ = {isa = PBXBuildFile; fileRef = BFD31850287E2279003E85F3 /* SceneDelegate.m */; };
		BFD31854287E2279003E85F3 /* ViewController.m in Sources */ = {isa = PBXBuildFile; fileRef = BFD31853287E2279003E85F3 /* ViewController.m */; };
		BFD31857287E2279003E85F3 /* Main.storyboard in Resources */ = {isa = PBXBuildFile; fileRef = BFD31855287E2279003E85F3 /* Main.storyboard */; };
		BFD3185A287E2279003E85F3 /* Hera.xcdatamodeld in Sources */ = {isa = PBXBuildFile; fileRef = BFD31858287E2279003E85F3 /* Hera.xcdatamodeld */; };
		BFD3185C287E227A003E85F3 /* Assets.xcassets in Resources */ = {isa = PBXBuildFile; fileRef = BFD3185B287E227A003E85F3 /* Assets.xcassets */; };
		BFD3185F287E227A003E85F3 /* LaunchScreen.storyboard in Resources */ = {isa = PBXBuildFile; fileRef = BFD3185D287E227A003E85F3 /* LaunchScreen.storyboard */; };
		BFD31862287E227A003E85F3 /* main.m in Sources */ = {isa = PBXBuildFile; fileRef = BFD31861287E227A003E85F3 /* main.m */; };
		BFD3186C287E227A003E85F3 /* HeraTests.m in Sources */ = {isa = PBXBuildFile; fileRef = BFD3186B287E227A003E85F3 /* HeraTests.m */; };
		BFD31876287E227A003E85F3 /* HeraUITests.m in Sources */ = {isa = PBXBuildFile; fileRef = BFD31875287E227A003E85F3 /* HeraUITests.m */; };
		BFD31878287E227A003E85F3 /* HeraUITestsLaunchTests.m in Sources */ = {isa = PBXBuildFile; fileRef = BFD31877287E227A003E85F3 /* HeraUITestsLaunchTests.m */; };
		CB0A90FB4C7452EDACF1B0D7 /* Pods_HeraTests.framework in Frameworks */ = {isa = PBXBuildFile; fileRef = 7FD058C25D2CF928A6CAE9A4 /* Pods_HeraTests.framework */; };
		FED66EDFDCE37F291A58636D /* Pods_Hera_HeraUITests.framework in Frameworks */ = {isa = PBXBuildFile; fileRef = A07E095FA461189870EB3B7E /* Pods_Hera_HeraUITests.framework */; };
/* End PBXBuildFile section */

/* Begin PBXContainerItemProxy section */
		BFD31868287E227A003E85F3 /* PBXContainerItemProxy */ = {
			isa = PBXContainerItemProxy;
			containerPortal = BFD31841287E2279003E85F3 /* Project object */;
			proxyType = 1;
			remoteGlobalIDString = BFD31848287E2279003E85F3;
			remoteInfo = Hera;
		};
		BFD31872287E227A003E85F3 /* PBXContainerItemProxy */ = {
			isa = PBXContainerItemProxy;
			containerPortal = BFD31841287E2279003E85F3 /* Project object */;
			proxyType = 1;
			remoteGlobalIDString = BFD31848287E2279003E85F3;
			remoteInfo = Hera;
		};
/* End PBXContainerItemProxy section */

/* Begin PBXFileReference section */
		38A0C0FE7E60875DF73BECBD /* Pods-HeraTests.release.xcconfig */ = {isa = PBXFileReference; includeInIndex = 1; lastKnownFileType = text.xcconfig; name = "Pods-HeraTests.release.xcconfig"; path = "Target Support Files/Pods-HeraTests/Pods-HeraTests.release.xcconfig"; sourceTree = "<group>"; };
		47E0EDD900263C9EF3D88B22 /* Pods-Hera-HeraUITests.release.xcconfig */ = {isa = PBXFileReference; includeInIndex = 1; lastKnownFileType = text.xcconfig; name = "Pods-Hera-HeraUITests.release.xcconfig"; path = "Target Support Files/Pods-Hera-HeraUITests/Pods-Hera-HeraUITests.release.xcconfig"; sourceTree = "<group>"; };
		4CC8DA341A70E853C5141322 /* Pods-HeraTests.debug.xcconfig */ = {isa = PBXFileReference; includeInIndex = 1; lastKnownFileType = text.xcconfig; name = "Pods-HeraTests.debug.xcconfig"; path = "Target Support Files/Pods-HeraTests/Pods-HeraTests.debug.xcconfig"; sourceTree = "<group>"; };
		7B11FF632FBF9EB7B982B28D /* Pods_Hera.framework */ = {isa = PBXFileReference; explicitFileType = wrapper.framework; includeInIndex = 0; path = Pods_Hera.framework; sourceTree = BUILT_PRODUCTS_DIR; };
		7FD058C25D2CF928A6CAE9A4 /* Pods_HeraTests.framework */ = {isa = PBXFileReference; explicitFileType = wrapper.framework; includeInIndex = 0; path = Pods_HeraTests.framework; sourceTree = BUILT_PRODUCTS_DIR; };
		97DD85EDE5D69E867BC3EE0C /* Pods-Hera.release.xcconfig */ = {isa = PBXFileReference; includeInIndex = 1; lastKnownFileType = text.xcconfig; name = "Pods-Hera.release.xcconfig"; path = "Target Support Files/Pods-Hera/Pods-Hera.release.xcconfig"; sourceTree = "<group>"; };
		9D42E31291F33E5D132AC0AD /* Pods-Hera.debug.xcconfig */ = {isa = PBXFileReference; includeInIndex = 1; lastKnownFileType = text.xcconfig; name = "Pods-Hera.debug.xcconfig"; path = "Target Support Files/Pods-Hera/Pods-Hera.debug.xcconfig"; sourceTree = "<group>"; };
		A07E095FA461189870EB3B7E /* Pods_Hera_HeraUITests.framework */ = {isa = PBXFileReference; explicitFileType = wrapper.framework; includeInIndex = 0; path = Pods_Hera_HeraUITests.framework; sourceTree = BUILT_PRODUCTS_DIR; };
		BF078DBA287E511900608897 /* LastPeriodViewController.h */ = {isa = PBXFileReference; lastKnownFileType = sourcecode.c.h; path = LastPeriodViewController.h; sourceTree = "<group>"; };
		BF078DBB287E511900608897 /* LastPeriodViewController.m */ = {isa = PBXFileReference; lastKnownFileType = sourcecode.c.objc; path = LastPeriodViewController.m; sourceTree = "<group>"; };
		BF7863C52885FEA600417C36 /* LoggingViewController.h */ = {isa = PBXFileReference; lastKnownFileType = sourcecode.c.h; path = LoggingViewController.h; sourceTree = "<group>"; };
		BF7863C62885FEA600417C36 /* LoggingViewController.m */ = {isa = PBXFileReference; lastKnownFileType = sourcecode.c.objc; path = LoggingViewController.m; sourceTree = "<group>"; };
		BF7863C928862B3E00417C36 /* cc.h */ = {isa = PBXFileReference; lastKnownFileType = sourcecode.c.h; path = cc.h; sourceTree = "<group>"; };
		BF7863CA28862B3E00417C36 /* cc.m */ = {isa = PBXFileReference; lastKnownFileType = sourcecode.c.objc; path = cc.m; sourceTree = "<group>"; };
		BF7863CD28887CA600417C36 /* CalendarViewController.h */ = {isa = PBXFileReference; lastKnownFileType = sourcecode.c.h; path = CalendarViewController.h; sourceTree = "<group>"; };
		BF7863CE28887CA600417C36 /* CalendarViewController.m */ = {isa = PBXFileReference; lastKnownFileType = sourcecode.c.objc; path = CalendarViewController.m; sourceTree = "<group>"; };
		BF7863D028887D8300417C36 /* cc_calendar.h */ = {isa = PBXFileReference; lastKnownFileType = sourcecode.c.h; path = cc_calendar.h; sourceTree = "<group>"; };
		BF7863D128887D8300417C36 /* cc_calendar.m */ = {isa = PBXFileReference; lastKnownFileType = sourcecode.c.objc; path = cc_calendar.m; sourceTree = "<group>"; };
		BF9054A5287E2F5A0061001C /* TermsAndConditionsVC.h */ = {isa = PBXFileReference; lastKnownFileType = sourcecode.c.h; path = TermsAndConditionsVC.h; sourceTree = "<group>"; };
		BF9054A6287E2F5A0061001C /* TermsAndConditionsVC.m */ = {isa = PBXFileReference; lastKnownFileType = sourcecode.c.objc; path = TermsAndConditionsVC.m; sourceTree = "<group>"; };
		BFBD3D5028820D1C008743B8 /* StartupViewController.h */ = {isa = PBXFileReference; lastKnownFileType = sourcecode.c.h; path = StartupViewController.h; sourceTree = "<group>"; };
		BFBD3D5128820D1C008743B8 /* StartupViewController.m */ = {isa = PBXFileReference; lastKnownFileType = sourcecode.c.objc; path = StartupViewController.m; sourceTree = "<group>"; };
		BFBD3D592885CD40008743B8 /* LoginScreenViewController.h */ = {isa = PBXFileReference; lastKnownFileType = sourcecode.c.h; path = LoginScreenViewController.h; sourceTree = "<group>"; };
		BFBD3D5A2885CD40008743B8 /* LoginScreenViewController.m */ = {isa = PBXFileReference; lastKnownFileType = sourcecode.c.objc; path = LoginScreenViewController.m; sourceTree = "<group>"; };
		BFD11BDE287E74140006E93E /* PeriodLengthViewController.h */ = {isa = PBXFileReference; lastKnownFileType = sourcecode.c.h; path = PeriodLengthViewController.h; sourceTree = "<group>"; };
		BFD11BDF287E74140006E93E /* PeriodLengthViewController.m */ = {isa = PBXFileReference; lastKnownFileType = sourcecode.c.objc; path = PeriodLengthViewController.m; sourceTree = "<group>"; };
		BFD11BE1287F4C940006E93E /* FaceIdSetupViewController.h */ = {isa = PBXFileReference; lastKnownFileType = sourcecode.c.h; path = FaceIdSetupViewController.h; sourceTree = "<group>"; };
		BFD11BE2287F4C940006E93E /* FaceIdSetupViewController.m */ = {isa = PBXFileReference; lastKnownFileType = sourcecode.c.objc; path = FaceIdSetupViewController.m; sourceTree = "<group>"; };
		BFD11BE4287F9B700006E93E /* Utilities.h */ = {isa = PBXFileReference; lastKnownFileType = sourcecode.c.h; path = Utilities.h; sourceTree = "<group>"; };
		BFD11BE5287F9B700006E93E /* Utilities.m */ = {isa = PBXFileReference; lastKnownFileType = sourcecode.c.objc; path = Utilities.m; sourceTree = "<group>"; };
		BFD11BE72880BF840006E93E /* NotificationPermsViewController.h */ = {isa = PBXFileReference; lastKnownFileType = sourcecode.c.h; path = NotificationPermsViewController.h; sourceTree = "<group>"; };
		BFD11BE82880BF840006E93E /* NotificationPermsViewController.m */ = {isa = PBXFileReference; lastKnownFileType = sourcecode.c.objc; path = NotificationPermsViewController.m; sourceTree = "<group>"; };
		BFD31849287E2279003E85F3 /* Hera.app */ = {isa = PBXFileReference; explicitFileType = wrapper.application; includeInIndex = 0; path = Hera.app; sourceTree = BUILT_PRODUCTS_DIR; };
		BFD3184C287E2279003E85F3 /* AppDelegate.h */ = {isa = PBXFileReference; lastKnownFileType = sourcecode.c.h; path = AppDelegate.h; sourceTree = "<group>"; };
		BFD3184D287E2279003E85F3 /* AppDelegate.m */ = {isa = PBXFileReference; lastKnownFileType = sourcecode.c.objc; path = AppDelegate.m; sourceTree = "<group>"; };
		BFD3184F287E2279003E85F3 /* SceneDelegate.h */ = {isa = PBXFileReference; lastKnownFileType = sourcecode.c.h; path = SceneDelegate.h; sourceTree = "<group>"; };
		BFD31850287E2279003E85F3 /* SceneDelegate.m */ = {isa = PBXFileReference; lastKnownFileType = sourcecode.c.objc; path = SceneDelegate.m; sourceTree = "<group>"; };
		BFD31852287E2279003E85F3 /* ViewController.h */ = {isa = PBXFileReference; lastKnownFileType = sourcecode.c.h; path = ViewController.h; sourceTree = "<group>"; };
		BFD31853287E2279003E85F3 /* ViewController.m */ = {isa = PBXFileReference; lastKnownFileType = sourcecode.c.objc; path = ViewController.m; sourceTree = "<group>"; };
		BFD31856287E2279003E85F3 /* Base */ = {isa = PBXFileReference; lastKnownFileType = file.storyboard; name = Base; path = Base.lproj/Main.storyboard; sourceTree = "<group>"; };
		BFD31859287E2279003E85F3 /* Hera.xcdatamodel */ = {isa = PBXFileReference; lastKnownFileType = wrapper.xcdatamodel; path = Hera.xcdatamodel; sourceTree = "<group>"; };
		BFD3185B287E227A003E85F3 /* Assets.xcassets */ = {isa = PBXFileReference; lastKnownFileType = folder.assetcatalog; path = Assets.xcassets; sourceTree = "<group>"; };
		BFD3185E287E227A003E85F3 /* Base */ = {isa = PBXFileReference; lastKnownFileType = file.storyboard; name = Base; path = Base.lproj/LaunchScreen.storyboard; sourceTree = "<group>"; };
		BFD31860287E227A003E85F3 /* Info.plist */ = {isa = PBXFileReference; lastKnownFileType = text.plist.xml; path = Info.plist; sourceTree = "<group>"; };
		BFD31861287E227A003E85F3 /* main.m */ = {isa = PBXFileReference; lastKnownFileType = sourcecode.c.objc; path = main.m; sourceTree = "<group>"; };
		BFD31867287E227A003E85F3 /* HeraTests.xctest */ = {isa = PBXFileReference; explicitFileType = wrapper.cfbundle; includeInIndex = 0; path = HeraTests.xctest; sourceTree = BUILT_PRODUCTS_DIR; };
		BFD3186B287E227A003E85F3 /* HeraTests.m */ = {isa = PBXFileReference; lastKnownFileType = sourcecode.c.objc; path = HeraTests.m; sourceTree = "<group>"; };
		BFD31871287E227A003E85F3 /* HeraUITests.xctest */ = {isa = PBXFileReference; explicitFileType = wrapper.cfbundle; includeInIndex = 0; path = HeraUITests.xctest; sourceTree = BUILT_PRODUCTS_DIR; };
		BFD31875287E227A003E85F3 /* HeraUITests.m */ = {isa = PBXFileReference; lastKnownFileType = sourcecode.c.objc; path = HeraUITests.m; sourceTree = "<group>"; };
		BFD31877287E227A003E85F3 /* HeraUITestsLaunchTests.m */ = {isa = PBXFileReference; lastKnownFileType = sourcecode.c.objc; path = HeraUITestsLaunchTests.m; sourceTree = "<group>"; };
		E0D0B7BC09F14B4438396508 /* Pods-Hera-HeraUITests.debug.xcconfig */ = {isa = PBXFileReference; includeInIndex = 1; lastKnownFileType = text.xcconfig; name = "Pods-Hera-HeraUITests.debug.xcconfig"; path = "Target Support Files/Pods-Hera-HeraUITests/Pods-Hera-HeraUITests.debug.xcconfig"; sourceTree = "<group>"; };
/* End PBXFileReference section */

/* Begin PBXFrameworksBuildPhase section */
		BFD31846287E2279003E85F3 /* Frameworks */ = {
			isa = PBXFrameworksBuildPhase;
			buildActionMask = 2147483647;
			files = (
				2B599417BBDCEA3D154F3B71 /* Pods_Hera.framework in Frameworks */,
			);
			runOnlyForDeploymentPostprocessing = 0;
		};
		BFD31864287E227A003E85F3 /* Frameworks */ = {
			isa = PBXFrameworksBuildPhase;
			buildActionMask = 2147483647;
			files = (
				CB0A90FB4C7452EDACF1B0D7 /* Pods_HeraTests.framework in Frameworks */,
			);
			runOnlyForDeploymentPostprocessing = 0;
		};
		BFD3186E287E227A003E85F3 /* Frameworks */ = {
			isa = PBXFrameworksBuildPhase;
			buildActionMask = 2147483647;
			files = (
				FED66EDFDCE37F291A58636D /* Pods_Hera_HeraUITests.framework in Frameworks */,
			);
			runOnlyForDeploymentPostprocessing = 0;
		};
/* End PBXFrameworksBuildPhase section */

/* Begin PBXGroup section */
		4D85406E4BDD8D1BFD9D9597 /* Pods */ = {
			isa = PBXGroup;
			children = (
				9D42E31291F33E5D132AC0AD /* Pods-Hera.debug.xcconfig */,
				97DD85EDE5D69E867BC3EE0C /* Pods-Hera.release.xcconfig */,
				E0D0B7BC09F14B4438396508 /* Pods-Hera-HeraUITests.debug.xcconfig */,
				47E0EDD900263C9EF3D88B22 /* Pods-Hera-HeraUITests.release.xcconfig */,
				4CC8DA341A70E853C5141322 /* Pods-HeraTests.debug.xcconfig */,
				38A0C0FE7E60875DF73BECBD /* Pods-HeraTests.release.xcconfig */,
			);
			path = Pods;
			sourceTree = "<group>";
		};
		B4C8D0CB45FF41B26AFA7032 /* Frameworks */ = {
			isa = PBXGroup;
			children = (
				7B11FF632FBF9EB7B982B28D /* Pods_Hera.framework */,
				A07E095FA461189870EB3B7E /* Pods_Hera_HeraUITests.framework */,
				7FD058C25D2CF928A6CAE9A4 /* Pods_HeraTests.framework */,
			);
			name = Frameworks;
			sourceTree = "<group>";
		};
		BF7863C42885FE8E00417C36 /* Main Flow */ = {
			isa = PBXGroup;
			children = (
				BF7863CC28887C8700417C36 /* Calendar */,
				BF7863C828862AED00417C36 /* Logging */,
			);
			path = "Main Flow";
			sourceTree = "<group>";
		};
		BF7863C828862AED00417C36 /* Logging */ = {
			isa = PBXGroup;
			children = (
				BF7863C52885FEA600417C36 /* LoggingViewController.h */,
				BF7863C62885FEA600417C36 /* LoggingViewController.m */,
				BF7863C928862B3E00417C36 /* cc.h */,
				BF7863CA28862B3E00417C36 /* cc.m */,
			);
			path = Logging;
			sourceTree = "<group>";
		};
		BF7863CC28887C8700417C36 /* Calendar */ = {
			isa = PBXGroup;
			children = (
				BF7863CD28887CA600417C36 /* CalendarViewController.h */,
				BF7863CE28887CA600417C36 /* CalendarViewController.m */,
				BF7863D028887D8300417C36 /* cc_calendar.h */,
				BF7863D128887D8300417C36 /* cc_calendar.m */,
			);
			path = Calendar;
			sourceTree = "<group>";
		};
		BF9054A4287E2F220061001C /* ViewControllers */ = {
			isa = PBXGroup;
			children = (
				BF7863C42885FE8E00417C36 /* Main Flow */,
				BFD11BEE2880E4220006E93E /* Setup Flow */,
				BFBD3D5028820D1C008743B8 /* StartupViewController.h */,
				BFBD3D5128820D1C008743B8 /* StartupViewController.m */,
				BFBD3D592885CD40008743B8 /* LoginScreenViewController.h */,
				BFBD3D5A2885CD40008743B8 /* LoginScreenViewController.m */,
			);
			path = ViewControllers;
			sourceTree = "<group>";
		};
		BFD11BEE2880E4220006E93E /* Setup Flow */ = {
			isa = PBXGroup;
			children = (
				BF9054A5287E2F5A0061001C /* TermsAndConditionsVC.h */,
				BF9054A6287E2F5A0061001C /* TermsAndConditionsVC.m */,
				BF078DBA287E511900608897 /* LastPeriodViewController.h */,
				BF078DBB287E511900608897 /* LastPeriodViewController.m */,
				BFD11BDE287E74140006E93E /* PeriodLengthViewController.h */,
				BFD11BDF287E74140006E93E /* PeriodLengthViewController.m */,
				BFD11BE1287F4C940006E93E /* FaceIdSetupViewController.h */,
				BFD11BE2287F4C940006E93E /* FaceIdSetupViewController.m */,
				BFD11BE72880BF840006E93E /* NotificationPermsViewController.h */,
				BFD11BE82880BF840006E93E /* NotificationPermsViewController.m */,
			);
			path = "Setup Flow";
			sourceTree = "<group>";
		};
		BFD31840287E2279003E85F3 = {
			isa = PBXGroup;
			children = (
				BFD3184B287E2279003E85F3 /* Hera */,
				BFD3186A287E227A003E85F3 /* HeraTests */,
				BFD31874287E227A003E85F3 /* HeraUITests */,
				BFD3184A287E2279003E85F3 /* Products */,
				4D85406E4BDD8D1BFD9D9597 /* Pods */,
				B4C8D0CB45FF41B26AFA7032 /* Frameworks */,
			);
			sourceTree = "<group>";
		};
		BFD3184A287E2279003E85F3 /* Products */ = {
			isa = PBXGroup;
			children = (
				BFD31849287E2279003E85F3 /* Hera.app */,
				BFD31867287E227A003E85F3 /* HeraTests.xctest */,
				BFD31871287E227A003E85F3 /* HeraUITests.xctest */,
			);
			name = Products;
			sourceTree = "<group>";
		};
		BFD3184B287E2279003E85F3 /* Hera */ = {
			isa = PBXGroup;
			children = (
				BF9054A4287E2F220061001C /* ViewControllers */,
				BFD3184C287E2279003E85F3 /* AppDelegate.h */,
				BFD3184D287E2279003E85F3 /* AppDelegate.m */,
				BFD3184F287E2279003E85F3 /* SceneDelegate.h */,
				BFD31850287E2279003E85F3 /* SceneDelegate.m */,
				BFD31852287E2279003E85F3 /* ViewController.h */,
				BFD31853287E2279003E85F3 /* ViewController.m */,
				BFD31855287E2279003E85F3 /* Main.storyboard */,
				BFD3185B287E227A003E85F3 /* Assets.xcassets */,
				BFD3185D287E227A003E85F3 /* LaunchScreen.storyboard */,
				BFD31860287E227A003E85F3 /* Info.plist */,
				BFD31861287E227A003E85F3 /* main.m */,
				BFD31858287E2279003E85F3 /* Hera.xcdatamodeld */,
				BFD11BE4287F9B700006E93E /* Utilities.h */,
				BFD11BE5287F9B700006E93E /* Utilities.m */,
			);
			path = Hera;
			sourceTree = "<group>";
		};
		BFD3186A287E227A003E85F3 /* HeraTests */ = {
			isa = PBXGroup;
			children = (
				BFD3186B287E227A003E85F3 /* HeraTests.m */,
			);
			path = HeraTests;
			sourceTree = "<group>";
		};
		BFD31874287E227A003E85F3 /* HeraUITests */ = {
			isa = PBXGroup;
			children = (
				BFD31875287E227A003E85F3 /* HeraUITests.m */,
				BFD31877287E227A003E85F3 /* HeraUITestsLaunchTests.m */,
			);
			path = HeraUITests;
			sourceTree = "<group>";
		};
/* End PBXGroup section */

/* Begin PBXNativeTarget section */
		BFD31848287E2279003E85F3 /* Hera */ = {
			isa = PBXNativeTarget;
			buildConfigurationList = BFD3187B287E227A003E85F3 /* Build configuration list for PBXNativeTarget "Hera" */;
			buildPhases = (
				FDF276E7BCFD6AF80D65B3EE /* [CP] Check Pods Manifest.lock */,
				BFD31845287E2279003E85F3 /* Sources */,
				BFD31846287E2279003E85F3 /* Frameworks */,
				BFD31847287E2279003E85F3 /* Resources */,
				3A0B891F07DACE0F6ACC1DA1 /* [CP] Embed Pods Frameworks */,
			);
			buildRules = (
			);
			dependencies = (
			);
			name = Hera;
			productName = Hera;
			productReference = BFD31849287E2279003E85F3 /* Hera.app */;
			productType = "com.apple.product-type.application";
		};
		BFD31866287E227A003E85F3 /* HeraTests */ = {
			isa = PBXNativeTarget;
			buildConfigurationList = BFD3187E287E227A003E85F3 /* Build configuration list for PBXNativeTarget "HeraTests" */;
			buildPhases = (
				7A0CABFE294D26002B2E4925 /* [CP] Check Pods Manifest.lock */,
				BFD31863287E227A003E85F3 /* Sources */,
				BFD31864287E227A003E85F3 /* Frameworks */,
				BFD31865287E227A003E85F3 /* Resources */,
			);
			buildRules = (
			);
			dependencies = (
				BFD31869287E227A003E85F3 /* PBXTargetDependency */,
			);
			name = HeraTests;
			productName = HeraTests;
			productReference = BFD31867287E227A003E85F3 /* HeraTests.xctest */;
			productType = "com.apple.product-type.bundle.unit-test";
		};
		BFD31870287E227A003E85F3 /* HeraUITests */ = {
			isa = PBXNativeTarget;
			buildConfigurationList = BFD31881287E227A003E85F3 /* Build configuration list for PBXNativeTarget "HeraUITests" */;
			buildPhases = (
				F1017B5A9EF0CC33036EBBF3 /* [CP] Check Pods Manifest.lock */,
				BFD3186D287E227A003E85F3 /* Sources */,
				BFD3186E287E227A003E85F3 /* Frameworks */,
				BFD3186F287E227A003E85F3 /* Resources */,
				B6110AECCEB28F97E3933AB5 /* [CP] Embed Pods Frameworks */,
			);
			buildRules = (
			);
			dependencies = (
				BFD31873287E227A003E85F3 /* PBXTargetDependency */,
			);
			name = HeraUITests;
			productName = HeraUITests;
			productReference = BFD31871287E227A003E85F3 /* HeraUITests.xctest */;
			productType = "com.apple.product-type.bundle.ui-testing";
		};
/* End PBXNativeTarget section */

/* Begin PBXProject section */
		BFD31841287E2279003E85F3 /* Project object */ = {
			isa = PBXProject;
			attributes = {
				BuildIndependentTargetsInParallel = 1;
				LastUpgradeCheck = 1340;
				TargetAttributes = {
					BFD31848287E2279003E85F3 = {
						CreatedOnToolsVersion = 13.4.1;
					};
					BFD31866287E227A003E85F3 = {
						CreatedOnToolsVersion = 13.4.1;
						TestTargetID = BFD31848287E2279003E85F3;
					};
					BFD31870287E227A003E85F3 = {
						CreatedOnToolsVersion = 13.4.1;
						TestTargetID = BFD31848287E2279003E85F3;
					};
				};
			};
			buildConfigurationList = BFD31844287E2279003E85F3 /* Build configuration list for PBXProject "Hera" */;
			compatibilityVersion = "Xcode 13.0";
			developmentRegion = en;
			hasScannedForEncodings = 0;
			knownRegions = (
				en,
				Base,
			);
			mainGroup = BFD31840287E2279003E85F3;
			productRefGroup = BFD3184A287E2279003E85F3 /* Products */;
			projectDirPath = "";
			projectRoot = "";
			targets = (
				BFD31848287E2279003E85F3 /* Hera */,
				BFD31866287E227A003E85F3 /* HeraTests */,
				BFD31870287E227A003E85F3 /* HeraUITests */,
			);
		};
/* End PBXProject section */

/* Begin PBXResourcesBuildPhase section */
		BFD31847287E2279003E85F3 /* Resources */ = {
			isa = PBXResourcesBuildPhase;
			buildActionMask = 2147483647;
			files = (
				BFD3185F287E227A003E85F3 /* LaunchScreen.storyboard in Resources */,
				BFD3185C287E227A003E85F3 /* Assets.xcassets in Resources */,
				BFD31857287E2279003E85F3 /* Main.storyboard in Resources */,
			);
			runOnlyForDeploymentPostprocessing = 0;
		};
		BFD31865287E227A003E85F3 /* Resources */ = {
			isa = PBXResourcesBuildPhase;
			buildActionMask = 2147483647;
			files = (
			);
			runOnlyForDeploymentPostprocessing = 0;
		};
		BFD3186F287E227A003E85F3 /* Resources */ = {
			isa = PBXResourcesBuildPhase;
			buildActionMask = 2147483647;
			files = (
			);
			runOnlyForDeploymentPostprocessing = 0;
		};
/* End PBXResourcesBuildPhase section */

/* Begin PBXShellScriptBuildPhase section */
		3A0B891F07DACE0F6ACC1DA1 /* [CP] Embed Pods Frameworks */ = {
			isa = PBXShellScriptBuildPhase;
			buildActionMask = 2147483647;
			files = (
			);
			inputFileListPaths = (
				"${PODS_ROOT}/Target Support Files/Pods-Hera/Pods-Hera-frameworks-${CONFIGURATION}-input-files.xcfilelist",
			);
			name = "[CP] Embed Pods Frameworks";
			outputFileListPaths = (
				"${PODS_ROOT}/Target Support Files/Pods-Hera/Pods-Hera-frameworks-${CONFIGURATION}-output-files.xcfilelist",
			);
			runOnlyForDeploymentPostprocessing = 0;
			shellPath = /bin/sh;
			shellScript = "\"${PODS_ROOT}/Target Support Files/Pods-Hera/Pods-Hera-frameworks.sh\"\n";
			showEnvVarsInLog = 0;
		};
		7A0CABFE294D26002B2E4925 /* [CP] Check Pods Manifest.lock */ = {
			isa = PBXShellScriptBuildPhase;
			buildActionMask = 2147483647;
			files = (
			);
			inputFileListPaths = (
			);
			inputPaths = (
				"${PODS_PODFILE_DIR_PATH}/Podfile.lock",
				"${PODS_ROOT}/Manifest.lock",
			);
			name = "[CP] Check Pods Manifest.lock";
			outputFileListPaths = (
			);
			outputPaths = (
				"$(DERIVED_FILE_DIR)/Pods-HeraTests-checkManifestLockResult.txt",
			);
			runOnlyForDeploymentPostprocessing = 0;
			shellPath = /bin/sh;
			shellScript = "diff \"${PODS_PODFILE_DIR_PATH}/Podfile.lock\" \"${PODS_ROOT}/Manifest.lock\" > /dev/null\nif [ $? != 0 ] ; then\n    # print error to STDERR\n    echo \"error: The sandbox is not in sync with the Podfile.lock. Run 'pod install' or update your CocoaPods installation.\" >&2\n    exit 1\nfi\n# This output is used by Xcode 'outputs' to avoid re-running this script phase.\necho \"SUCCESS\" > \"${SCRIPT_OUTPUT_FILE_0}\"\n";
			showEnvVarsInLog = 0;
		};
		B6110AECCEB28F97E3933AB5 /* [CP] Embed Pods Frameworks */ = {
			isa = PBXShellScriptBuildPhase;
			buildActionMask = 2147483647;
			files = (
			);
			inputFileListPaths = (
				"${PODS_ROOT}/Target Support Files/Pods-Hera-HeraUITests/Pods-Hera-HeraUITests-frameworks-${CONFIGURATION}-input-files.xcfilelist",
			);
			name = "[CP] Embed Pods Frameworks";
			outputFileListPaths = (
				"${PODS_ROOT}/Target Support Files/Pods-Hera-HeraUITests/Pods-Hera-HeraUITests-frameworks-${CONFIGURATION}-output-files.xcfilelist",
			);
			runOnlyForDeploymentPostprocessing = 0;
			shellPath = /bin/sh;
			shellScript = "\"${PODS_ROOT}/Target Support Files/Pods-Hera-HeraUITests/Pods-Hera-HeraUITests-frameworks.sh\"\n";
			showEnvVarsInLog = 0;
		};
		F1017B5A9EF0CC33036EBBF3 /* [CP] Check Pods Manifest.lock */ = {
			isa = PBXShellScriptBuildPhase;
			buildActionMask = 2147483647;
			files = (
			);
			inputFileListPaths = (
			);
			inputPaths = (
				"${PODS_PODFILE_DIR_PATH}/Podfile.lock",
				"${PODS_ROOT}/Manifest.lock",
			);
			name = "[CP] Check Pods Manifest.lock";
			outputFileListPaths = (
			);
			outputPaths = (
				"$(DERIVED_FILE_DIR)/Pods-Hera-HeraUITests-checkManifestLockResult.txt",
			);
			runOnlyForDeploymentPostprocessing = 0;
			shellPath = /bin/sh;
			shellScript = "diff \"${PODS_PODFILE_DIR_PATH}/Podfile.lock\" \"${PODS_ROOT}/Manifest.lock\" > /dev/null\nif [ $? != 0 ] ; then\n    # print error to STDERR\n    echo \"error: The sandbox is not in sync with the Podfile.lock. Run 'pod install' or update your CocoaPods installation.\" >&2\n    exit 1\nfi\n# This output is used by Xcode 'outputs' to avoid re-running this script phase.\necho \"SUCCESS\" > \"${SCRIPT_OUTPUT_FILE_0}\"\n";
			showEnvVarsInLog = 0;
		};
		FDF276E7BCFD6AF80D65B3EE /* [CP] Check Pods Manifest.lock */ = {
			isa = PBXShellScriptBuildPhase;
			buildActionMask = 2147483647;
			files = (
			);
			inputFileListPaths = (
			);
			inputPaths = (
				"${PODS_PODFILE_DIR_PATH}/Podfile.lock",
				"${PODS_ROOT}/Manifest.lock",
			);
			name = "[CP] Check Pods Manifest.lock";
			outputFileListPaths = (
			);
			outputPaths = (
				"$(DERIVED_FILE_DIR)/Pods-Hera-checkManifestLockResult.txt",
			);
			runOnlyForDeploymentPostprocessing = 0;
			shellPath = /bin/sh;
			shellScript = "diff \"${PODS_PODFILE_DIR_PATH}/Podfile.lock\" \"${PODS_ROOT}/Manifest.lock\" > /dev/null\nif [ $? != 0 ] ; then\n    # print error to STDERR\n    echo \"error: The sandbox is not in sync with the Podfile.lock. Run 'pod install' or update your CocoaPods installation.\" >&2\n    exit 1\nfi\n# This output is used by Xcode 'outputs' to avoid re-running this script phase.\necho \"SUCCESS\" > \"${SCRIPT_OUTPUT_FILE_0}\"\n";
			showEnvVarsInLog = 0;
		};
/* End PBXShellScriptBuildPhase section */

/* Begin PBXSourcesBuildPhase section */
		BFD31845287E2279003E85F3 /* Sources */ = {
			isa = PBXSourcesBuildPhase;
			buildActionMask = 2147483647;
			files = (
				BF7863D228887D8300417C36 /* cc_calendar.m in Sources */,
				BFD31862287E227A003E85F3 /* main.m in Sources */,
				BF9054A7287E2F5A0061001C /* TermsAndConditionsVC.m in Sources */,
				BFD31854287E2279003E85F3 /* ViewController.m in Sources */,
				BFBD3D5B2885CD40008743B8 /* LoginScreenViewController.m in Sources */,
				BFD11BE0287E74140006E93E /* PeriodLengthViewController.m in Sources */,
				BFD11BE6287F9B700006E93E /* Utilities.m in Sources */,
				BFBD3D5228820D1C008743B8 /* StartupViewController.m in Sources */,
				BF078DBC287E511900608897 /* LastPeriodViewController.m in Sources */,
				BFD3185A287E2279003E85F3 /* Hera.xcdatamodeld in Sources */,
				BFD11BE3287F4C940006E93E /* FaceIdSetupViewController.m in Sources */,
				BF7863C72885FEA600417C36 /* LoggingViewController.m in Sources */,
				BFD3184E287E2279003E85F3 /* AppDelegate.m in Sources */,
				BF7863CF28887CA600417C36 /* CalendarViewController.m in Sources */,
				BF7863CB28862B3E00417C36 /* cc.m in Sources */,
				BFD11BE92880BF840006E93E /* NotificationPermsViewController.m in Sources */,
				BFD31851287E2279003E85F3 /* SceneDelegate.m in Sources */,
			);
			runOnlyForDeploymentPostprocessing = 0;
		};
		BFD31863287E227A003E85F3 /* Sources */ = {
			isa = PBXSourcesBuildPhase;
			buildActionMask = 2147483647;
			files = (
				BFD3186C287E227A003E85F3 /* HeraTests.m in Sources */,
			);
			runOnlyForDeploymentPostprocessing = 0;
		};
		BFD3186D287E227A003E85F3 /* Sources */ = {
			isa = PBXSourcesBuildPhase;
			buildActionMask = 2147483647;
			files = (
				BFD31878287E227A003E85F3 /* HeraUITestsLaunchTests.m in Sources */,
				BFD31876287E227A003E85F3 /* HeraUITests.m in Sources */,
			);
			runOnlyForDeploymentPostprocessing = 0;
		};
/* End PBXSourcesBuildPhase section */

/* Begin PBXTargetDependency section */
		BFD31869287E227A003E85F3 /* PBXTargetDependency */ = {
			isa = PBXTargetDependency;
			target = BFD31848287E2279003E85F3 /* Hera */;
			targetProxy = BFD31868287E227A003E85F3 /* PBXContainerItemProxy */;
		};
		BFD31873287E227A003E85F3 /* PBXTargetDependency */ = {
			isa = PBXTargetDependency;
			target = BFD31848287E2279003E85F3 /* Hera */;
			targetProxy = BFD31872287E227A003E85F3 /* PBXContainerItemProxy */;
		};
/* End PBXTargetDependency section */

/* Begin PBXVariantGroup section */
		BFD31855287E2279003E85F3 /* Main.storyboard */ = {
			isa = PBXVariantGroup;
			children = (
				BFD31856287E2279003E85F3 /* Base */,
			);
			name = Main.storyboard;
			sourceTree = "<group>";
		};
		BFD3185D287E227A003E85F3 /* LaunchScreen.storyboard */ = {
			isa = PBXVariantGroup;
			children = (
				BFD3185E287E227A003E85F3 /* Base */,
			);
			name = LaunchScreen.storyboard;
			sourceTree = "<group>";
		};
/* End PBXVariantGroup section */

/* Begin XCBuildConfiguration section */
		BFD31879287E227A003E85F3 /* Debug */ = {
			isa = XCBuildConfiguration;
			buildSettings = {
				ALWAYS_SEARCH_USER_PATHS = NO;
				CLANG_ANALYZER_NONNULL = YES;
				CLANG_ANALYZER_NUMBER_OBJECT_CONVERSION = YES_AGGRESSIVE;
				CLANG_CXX_LANGUAGE_STANDARD = "gnu++17";
				CLANG_ENABLE_MODULES = YES;
				CLANG_ENABLE_OBJC_ARC = YES;
				CLANG_ENABLE_OBJC_WEAK = YES;
				CLANG_WARN_BLOCK_CAPTURE_AUTORELEASING = YES;
				CLANG_WARN_BOOL_CONVERSION = YES;
				CLANG_WARN_COMMA = YES;
				CLANG_WARN_CONSTANT_CONVERSION = YES;
				CLANG_WARN_DEPRECATED_OBJC_IMPLEMENTATIONS = YES;
				CLANG_WARN_DIRECT_OBJC_ISA_USAGE = YES_ERROR;
				CLANG_WARN_DOCUMENTATION_COMMENTS = YES;
				CLANG_WARN_EMPTY_BODY = YES;
				CLANG_WARN_ENUM_CONVERSION = YES;
				CLANG_WARN_INFINITE_RECURSION = YES;
				CLANG_WARN_INT_CONVERSION = YES;
				CLANG_WARN_NON_LITERAL_NULL_CONVERSION = YES;
				CLANG_WARN_OBJC_IMPLICIT_RETAIN_SELF = YES;
				CLANG_WARN_OBJC_LITERAL_CONVERSION = YES;
				CLANG_WARN_OBJC_ROOT_CLASS = YES_ERROR;
				CLANG_WARN_QUOTED_INCLUDE_IN_FRAMEWORK_HEADER = YES;
				CLANG_WARN_RANGE_LOOP_ANALYSIS = YES;
				CLANG_WARN_STRICT_PROTOTYPES = YES;
				CLANG_WARN_SUSPICIOUS_MOVE = YES;
				CLANG_WARN_UNGUARDED_AVAILABILITY = YES_AGGRESSIVE;
				CLANG_WARN_UNREACHABLE_CODE = YES;
				CLANG_WARN__DUPLICATE_METHOD_MATCH = YES;
				COPY_PHASE_STRIP = NO;
				DEBUG_INFORMATION_FORMAT = dwarf;
				ENABLE_STRICT_OBJC_MSGSEND = YES;
				ENABLE_TESTABILITY = YES;
				GCC_C_LANGUAGE_STANDARD = gnu11;
				GCC_DYNAMIC_NO_PIC = NO;
				GCC_NO_COMMON_BLOCKS = YES;
				GCC_OPTIMIZATION_LEVEL = 0;
				GCC_PREPROCESSOR_DEFINITIONS = (
					"DEBUG=1",
					"$(inherited)",
				);
				GCC_WARN_64_TO_32_BIT_CONVERSION = YES;
				GCC_WARN_ABOUT_RETURN_TYPE = YES_ERROR;
				GCC_WARN_UNDECLARED_SELECTOR = YES;
				GCC_WARN_UNINITIALIZED_AUTOS = YES_AGGRESSIVE;
				GCC_WARN_UNUSED_FUNCTION = YES;
				GCC_WARN_UNUSED_VARIABLE = YES;
				IPHONEOS_DEPLOYMENT_TARGET = 15.5;
				MTL_ENABLE_DEBUG_INFO = INCLUDE_SOURCE;
				MTL_FAST_MATH = YES;
				ONLY_ACTIVE_ARCH = YES;
				SDKROOT = iphoneos;
			};
			name = Debug;
		};
		BFD3187A287E227A003E85F3 /* Release */ = {
			isa = XCBuildConfiguration;
			buildSettings = {
				ALWAYS_SEARCH_USER_PATHS = NO;
				CLANG_ANALYZER_NONNULL = YES;
				CLANG_ANALYZER_NUMBER_OBJECT_CONVERSION = YES_AGGRESSIVE;
				CLANG_CXX_LANGUAGE_STANDARD = "gnu++17";
				CLANG_ENABLE_MODULES = YES;
				CLANG_ENABLE_OBJC_ARC = YES;
				CLANG_ENABLE_OBJC_WEAK = YES;
				CLANG_WARN_BLOCK_CAPTURE_AUTORELEASING = YES;
				CLANG_WARN_BOOL_CONVERSION = YES;
				CLANG_WARN_COMMA = YES;
				CLANG_WARN_CONSTANT_CONVERSION = YES;
				CLANG_WARN_DEPRECATED_OBJC_IMPLEMENTATIONS = YES;
				CLANG_WARN_DIRECT_OBJC_ISA_USAGE = YES_ERROR;
				CLANG_WARN_DOCUMENTATION_COMMENTS = YES;
				CLANG_WARN_EMPTY_BODY = YES;
				CLANG_WARN_ENUM_CONVERSION = YES;
				CLANG_WARN_INFINITE_RECURSION = YES;
				CLANG_WARN_INT_CONVERSION = YES;
				CLANG_WARN_NON_LITERAL_NULL_CONVERSION = YES;
				CLANG_WARN_OBJC_IMPLICIT_RETAIN_SELF = YES;
				CLANG_WARN_OBJC_LITERAL_CONVERSION = YES;
				CLANG_WARN_OBJC_ROOT_CLASS = YES_ERROR;
				CLANG_WARN_QUOTED_INCLUDE_IN_FRAMEWORK_HEADER = YES;
				CLANG_WARN_RANGE_LOOP_ANALYSIS = YES;
				CLANG_WARN_STRICT_PROTOTYPES = YES;
				CLANG_WARN_SUSPICIOUS_MOVE = YES;
				CLANG_WARN_UNGUARDED_AVAILABILITY = YES_AGGRESSIVE;
				CLANG_WARN_UNREACHABLE_CODE = YES;
				CLANG_WARN__DUPLICATE_METHOD_MATCH = YES;
				COPY_PHASE_STRIP = NO;
				DEBUG_INFORMATION_FORMAT = "dwarf-with-dsym";
				ENABLE_NS_ASSERTIONS = NO;
				ENABLE_STRICT_OBJC_MSGSEND = YES;
				GCC_C_LANGUAGE_STANDARD = gnu11;
				GCC_NO_COMMON_BLOCKS = YES;
				GCC_WARN_64_TO_32_BIT_CONVERSION = YES;
				GCC_WARN_ABOUT_RETURN_TYPE = YES_ERROR;
				GCC_WARN_UNDECLARED_SELECTOR = YES;
				GCC_WARN_UNINITIALIZED_AUTOS = YES_AGGRESSIVE;
				GCC_WARN_UNUSED_FUNCTION = YES;
				GCC_WARN_UNUSED_VARIABLE = YES;
				IPHONEOS_DEPLOYMENT_TARGET = 15.5;
				MTL_ENABLE_DEBUG_INFO = NO;
				MTL_FAST_MATH = YES;
				SDKROOT = iphoneos;
				VALIDATE_PRODUCT = YES;
			};
			name = Release;
		};
		BFD3187C287E227A003E85F3 /* Debug */ = {
			isa = XCBuildConfiguration;
			baseConfigurationReference = 9D42E31291F33E5D132AC0AD /* Pods-Hera.debug.xcconfig */;
			buildSettings = {
				ASSETCATALOG_COMPILER_APPICON_NAME = AppIcon;
				ASSETCATALOG_COMPILER_GLOBAL_ACCENT_COLOR_NAME = AccentColor;
				CODE_SIGN_STYLE = Automatic;
				CURRENT_PROJECT_VERSION = 1;
				DEVELOPMENT_TEAM = 4TPXP6N79S;
				GENERATE_INFOPLIST_FILE = YES;
				INFOPLIST_FILE = Hera/Info.plist;
				INFOPLIST_KEY_UIApplicationSupportsIndirectInputEvents = YES;
				INFOPLIST_KEY_UILaunchStoryboardName = LaunchScreen;
				INFOPLIST_KEY_UIMainStoryboardFile = Main;
				INFOPLIST_KEY_UISupportedInterfaceOrientations = UIInterfaceOrientationPortrait;
				INFOPLIST_KEY_UISupportedInterfaceOrientations_iPad = "UIInterfaceOrientationPortrait UIInterfaceOrientationPortraitUpsideDown UIInterfaceOrientationLandscapeLeft UIInterfaceOrientationLandscapeRight";
				INFOPLIST_KEY_UISupportedInterfaceOrientations_iPhone = "UIInterfaceOrientationPortrait UIInterfaceOrientationLandscapeLeft UIInterfaceOrientationLandscapeRight";
				LD_RUNPATH_SEARCH_PATHS = (
					"$(inherited)",
					"@executable_path/Frameworks",
				);
				MARKETING_VERSION = 1.0;
				PRODUCT_BUNDLE_IDENTIFIER = com.andreaslordos.Hera;
				PRODUCT_NAME = "$(TARGET_NAME)";
				SWIFT_EMIT_LOC_STRINGS = YES;
				TARGETED_DEVICE_FAMILY = "1,2";
			};
			name = Debug;
		};
		BFD3187D287E227A003E85F3 /* Release */ = {
			isa = XCBuildConfiguration;
			baseConfigurationReference = 97DD85EDE5D69E867BC3EE0C /* Pods-Hera.release.xcconfig */;
			buildSettings = {
				ASSETCATALOG_COMPILER_APPICON_NAME = AppIcon;
				ASSETCATALOG_COMPILER_GLOBAL_ACCENT_COLOR_NAME = AccentColor;
				CODE_SIGN_STYLE = Automatic;
				CURRENT_PROJECT_VERSION = 1;
				DEVELOPMENT_TEAM = 3P2W72R536;
				GENERATE_INFOPLIST_FILE = YES;
				INFOPLIST_FILE = Hera/Info.plist;
				INFOPLIST_KEY_UIApplicationSupportsIndirectInputEvents = YES;
				INFOPLIST_KEY_UILaunchStoryboardName = LaunchScreen;
				INFOPLIST_KEY_UIMainStoryboardFile = Main;
				INFOPLIST_KEY_UISupportedInterfaceOrientations = UIInterfaceOrientationPortrait;
				INFOPLIST_KEY_UISupportedInterfaceOrientations_iPad = "UIInterfaceOrientationPortrait UIInterfaceOrientationPortraitUpsideDown UIInterfaceOrientationLandscapeLeft UIInterfaceOrientationLandscapeRight";
				INFOPLIST_KEY_UISupportedInterfaceOrientations_iPhone = "UIInterfaceOrientationPortrait UIInterfaceOrientationLandscapeLeft UIInterfaceOrientationLandscapeRight";
				LD_RUNPATH_SEARCH_PATHS = (
					"$(inherited)",
					"@executable_path/Frameworks",
				);
				MARKETING_VERSION = 1.0;
				PRODUCT_BUNDLE_IDENTIFIER = com.andreaslordos.Hera;
				PRODUCT_NAME = "$(TARGET_NAME)";
				SWIFT_EMIT_LOC_STRINGS = YES;
				TARGETED_DEVICE_FAMILY = "1,2";
			};
			name = Release;
		};
		BFD3187F287E227A003E85F3 /* Debug */ = {
			isa = XCBuildConfiguration;
			baseConfigurationReference = 4CC8DA341A70E853C5141322 /* Pods-HeraTests.debug.xcconfig */;
			buildSettings = {
				BUNDLE_LOADER = "$(TEST_HOST)";
				CODE_SIGN_STYLE = Automatic;
				CURRENT_PROJECT_VERSION = 1;
				DEVELOPMENT_TEAM = 4TPXP6N79S;
				GENERATE_INFOPLIST_FILE = YES;
				IPHONEOS_DEPLOYMENT_TARGET = 15.5;
				MARKETING_VERSION = 1.0;
				PRODUCT_BUNDLE_IDENTIFIER = com.andreaslordos.HeraTests;
				PRODUCT_NAME = "$(TARGET_NAME)";
				SWIFT_EMIT_LOC_STRINGS = NO;
				TARGETED_DEVICE_FAMILY = "1,2";
				TEST_HOST = "$(BUILT_PRODUCTS_DIR)/Hera.app/Hera";
			};
			name = Debug;
		};
		BFD31880287E227A003E85F3 /* Release */ = {
			isa = XCBuildConfiguration;
			baseConfigurationReference = 38A0C0FE7E60875DF73BECBD /* Pods-HeraTests.release.xcconfig */;
			buildSettings = {
				BUNDLE_LOADER = "$(TEST_HOST)";
				CODE_SIGN_STYLE = Automatic;
				CURRENT_PROJECT_VERSION = 1;
				DEVELOPMENT_TEAM = 4TPXP6N79S;
				GENERATE_INFOPLIST_FILE = YES;
				IPHONEOS_DEPLOYMENT_TARGET = 15.5;
				MARKETING_VERSION = 1.0;
				PRODUCT_BUNDLE_IDENTIFIER = com.andreaslordos.HeraTests;
				PRODUCT_NAME = "$(TARGET_NAME)";
				SWIFT_EMIT_LOC_STRINGS = NO;
				TARGETED_DEVICE_FAMILY = "1,2";
				TEST_HOST = "$(BUILT_PRODUCTS_DIR)/Hera.app/Hera";
			};
			name = Release;
		};
		BFD31882287E227A003E85F3 /* Debug */ = {
			isa = XCBuildConfiguration;
			baseConfigurationReference = E0D0B7BC09F14B4438396508 /* Pods-Hera-HeraUITests.debug.xcconfig */;
			buildSettings = {
				CODE_SIGN_STYLE = Automatic;
				CURRENT_PROJECT_VERSION = 1;
				DEVELOPMENT_TEAM = 4TPXP6N79S;
				GENERATE_INFOPLIST_FILE = YES;
				MARKETING_VERSION = 1.0;
				PRODUCT_BUNDLE_IDENTIFIER = com.andreaslordos.HeraUITests;
				PRODUCT_NAME = "$(TARGET_NAME)";
				SWIFT_EMIT_LOC_STRINGS = NO;
				TARGETED_DEVICE_FAMILY = "1,2";
				TEST_TARGET_NAME = Hera;
			};
			name = Debug;
		};
		BFD31883287E227A003E85F3 /* Release */ = {
			isa = XCBuildConfiguration;
			baseConfigurationReference = 47E0EDD900263C9EF3D88B22 /* Pods-Hera-HeraUITests.release.xcconfig */;
			buildSettings = {
				CODE_SIGN_STYLE = Automatic;
				CURRENT_PROJECT_VERSION = 1;
				DEVELOPMENT_TEAM = 4TPXP6N79S;
				GENERATE_INFOPLIST_FILE = YES;
				MARKETING_VERSION = 1.0;
				PRODUCT_BUNDLE_IDENTIFIER = com.andreaslordos.HeraUITests;
				PRODUCT_NAME = "$(TARGET_NAME)";
				SWIFT_EMIT_LOC_STRINGS = NO;
				TARGETED_DEVICE_FAMILY = "1,2";
				TEST_TARGET_NAME = Hera;
			};
			name = Release;
		};
/* End XCBuildConfiguration section */

/* Begin XCConfigurationList section */
		BFD31844287E2279003E85F3 /* Build configuration list for PBXProject "Hera" */ = {
			isa = XCConfigurationList;
			buildConfigurations = (
				BFD31879287E227A003E85F3 /* Debug */,
				BFD3187A287E227A003E85F3 /* Release */,
			);
			defaultConfigurationIsVisible = 0;
			defaultConfigurationName = Release;
		};
		BFD3187B287E227A003E85F3 /* Build configuration list for PBXNativeTarget "Hera" */ = {
			isa = XCConfigurationList;
			buildConfigurations = (
				BFD3187C287E227A003E85F3 /* Debug */,
				BFD3187D287E227A003E85F3 /* Release */,
			);
			defaultConfigurationIsVisible = 0;
			defaultConfigurationName = Release;
		};
		BFD3187E287E227A003E85F3 /* Build configuration list for PBXNativeTarget "HeraTests" */ = {
			isa = XCConfigurationList;
			buildConfigurations = (
				BFD3187F287E227A003E85F3 /* Debug */,
				BFD31880287E227A003E85F3 /* Release */,
			);
			defaultConfigurationIsVisible = 0;
			defaultConfigurationName = Release;
		};
		BFD31881287E227A003E85F3 /* Build configuration list for PBXNativeTarget "HeraUITests" */ = {
			isa = XCConfigurationList;
			buildConfigurations = (
				BFD31882287E227A003E85F3 /* Debug */,
				BFD31883287E227A003E85F3 /* Release */,
			);
			defaultConfigurationIsVisible = 0;
			defaultConfigurationName = Release;
		};
/* End XCConfigurationList section */

/* Begin XCVersionGroup section */
		BFD31858287E2279003E85F3 /* Hera.xcdatamodeld */ = {
			isa = XCVersionGroup;
			children = (
				BFD31859287E2279003E85F3 /* Hera.xcdatamodel */,
			);
			currentVersion = BFD31859287E2279003E85F3 /* Hera.xcdatamodel */;
			path = Hera.xcdatamodeld;
			sourceTree = "<group>";
			versionGroupType = wrapper.xcdatamodel;
		};
/* End XCVersionGroup section */
	};
	rootObject = BFD31841287E2279003E85F3 /* Project object */;
}
