// !$*UTF8*$!
{
	archiveVersion = 1;
	classes = {
	};
	objectVersion = 55;
	objects = {

/* Begin PBXBuildFile section */
		BFD3184E287E2279003E85F3 /* AppDelegate.m in Sources */ = {isa = PBXBuildFile; fileRef = BFD3184D287E2279003E85F3 /* AppDelegate.m */; };
		BFD31851287E2279003E85F3 /* SceneDelegate.m in Sources */ = {isa = PBXBuildFile; fileRef = BFD31850287E2279003E85F3 /* SceneDelegate.m */; };
		BFD31854287E2279003E85F3 /* ViewController.m in Sources */ = {isa = PBXBuildFile; fileRef = BFD31853287E2279003E85F3 /* ViewController.m */; };
		BFD31857287E2279003E85F3 /* Main.storyboard in Resources */ = {isa = PBXBuildFile; fileRef = BFD31855287E2279003E85F3 /* Main.storyboard */; };
		BFD3185A287E2279003E85F3 /* Hera.xcdatamodeld in Sources */ = {isa = PBXBuildFile; fileRef = BFD31858287E2279003E85F3 /* Hera.xcdatamodeld */; };
		BFD3185C287E227A003E85F3 /* Assets.xcassets in Resources */ = {isa = PBXBuildFile; fileRef = BFD3185B287E227A003E85F3 /* Assets.xcassets */; };
		BFD3185F287E227A003E85F3 /* LaunchScreen.storyboard in Resources */ = {isa = PBXBuildFile; fileRef = BFD3185D287E227A003E85F3 /* LaunchScreen.storyboard */; };
		BFD31862287E227A003E85F3 /* main.m in Sources */ = {isa = PBXBuildFile; fileRef = BFD31861287E227A003E85F3 /* main.m */; };
		BFD3186C287E227A003E85F3 /* HeraTests.m in Sources */ = {isa = PBXBuildFile; fileRef = BFD3186B287E227A003E85F3 /* HeraTests.m */; };
		BFD31876287E227A003E85F3 /* HeraUITests.m in Sources */ = {isa = PBXBuildFile; fileRef = BFD31875287E227A003E85F3 /* HeraUITests.m */; };
		BFD31878287E227A003E85F3 /* HeraUITestsLaunchTests.m in Sources */ = {isa = PBXBuildFile; fileRef = BFD31877287E227A003E85F3 /* HeraUITestsLaunchTests.m */; };
/* End PBXBuildFile section */

/* Begin PBXContainerItemProxy section */
		BFD31868287E227A003E85F3 /* PBXContainerItemProxy */ = {
			isa = PBXContainerItemProxy;
			containerPortal = BFD31841287E2279003E85F3 /* Project object */;
			proxyType = 1;
			remoteGlobalIDString = BFD31848287E2279003E85F3;
			remoteInfo = Hera;
		};
		BFD31872287E227A003E85F3 /* PBXContainerItemProxy */ = {
			isa = PBXContainerItemProxy;
			containerPortal = BFD31841287E2279003E85F3 /* Project object */;
			proxyType = 1;
			remoteGlobalIDString = BFD31848287E2279003E85F3;
			remoteInfo = Hera;
		};
/* End PBXContainerItemProxy section */

/* Begin PBXFileReference section */
		BFD31849287E2279003E85F3 /* Hera.app */ = {isa = PBXFileReference; explicitFileType = wrapper.application; includeInIndex = 0; path = Hera.app; sourceTree = BUILT_PRODUCTS_DIR; };
		BFD3184C287E2279003E85F3 /* AppDelegate.h */ = {isa = PBXFileReference; lastKnownFileType = sourcecode.c.h; path = AppDelegate.h; sourceTree = "<group>"; };
		BFD3184D287E2279003E85F3 /* AppDelegate.m */ = {isa = PBXFileReference; lastKnownFileType = sourcecode.c.objc; path = AppDelegate.m; sourceTree = "<group>"; };
		BFD3184F287E2279003E85F3 /* SceneDelegate.h */ = {isa = PBXFileReference; lastKnownFileType = sourcecode.c.h; path = SceneDelegate.h; sourceTree = "<group>"; };
		BFD31850287E2279003E85F3 /* SceneDelegate.m */ = {isa = PBXFileReference; lastKnownFileType = sourcecode.c.objc; path = SceneDelegate.m; sourceTree = "<group>"; };
		BFD31852287E2279003E85F3 /* ViewController.h */ = {isa = PBXFileReference; lastKnownFileType = sourcecode.c.h; path = ViewController.h; sourceTree = "<group>"; };
		BFD31853287E2279003E85F3 /* ViewController.m */ = {isa = PBXFileReference; lastKnownFileType = sourcecode.c.objc; path = ViewController.m; sourceTree = "<group>"; };
		BFD31856287E2279003E85F3 /* Base */ = {isa = PBXFileReference; lastKnownFileType = file.storyboard; name = Base; path = Base.lproj/Main.storyboard; sourceTree = "<group>"; };
		BFD31859287E2279003E85F3 /* Hera.xcdatamodel */ = {isa = PBXFileReference; lastKnownFileType = wrapper.xcdatamodel; path = Hera.xcdatamodel; sourceTree = "<group>"; };
		BFD3185B287E227A003E85F3 /* Assets.xcassets */ = {isa = PBXFileReference; lastKnownFileType = folder.assetcatalog; path = Assets.xcassets; sourceTree = "<group>"; };
		BFD3185E287E227A003E85F3 /* Base */ = {isa = PBXFileReference; lastKnownFileType = file.storyboard; name = Base; path = Base.lproj/LaunchScreen.storyboard; sourceTree = "<group>"; };
		BFD31860287E227A003E85F3 /* Info.plist */ = {isa = PBXFileReference; lastKnownFileType = text.plist.xml; path = Info.plist; sourceTree = "<group>"; };
		BFD31861287E227A003E85F3 /* main.m */ = {isa = PBXFileReference; lastKnownFileType = sourcecode.c.objc; path = main.m; sourceTree = "<group>"; };
		BFD31867287E227A003E85F3 /* HeraTests.xctest */ = {isa = PBXFileReference; explicitFileType = wrapper.cfbundle; includeInIndex = 0; path = HeraTests.xctest; sourceTree = BUILT_PRODUCTS_DIR; };
		BFD3186B287E227A003E85F3 /* HeraTests.m */ = {isa = PBXFileReference; lastKnownFileType = sourcecode.c.objc; path = HeraTests.m; sourceTree = "<group>"; };
		BFD31871287E227A003E85F3 /* HeraUITests.xctest */ = {isa = PBXFileReference; explicitFileType = wrapper.cfbundle; includeInIndex = 0; path = HeraUITests.xctest; sourceTree = BUILT_PRODUCTS_DIR; };
		BFD31875287E227A003E85F3 /* HeraUITests.m */ = {isa = PBXFileReference; lastKnownFileType = sourcecode.c.objc; path = HeraUITests.m; sourceTree = "<group>"; };
		BFD31877287E227A003E85F3 /* HeraUITestsLaunchTests.m */ = {isa = PBXFileReference; lastKnownFileType = sourcecode.c.objc; path = HeraUITestsLaunchTests.m; sourceTree = "<group>"; };
/* End PBXFileReference section */

/* Begin PBXFrameworksBuildPhase section */
		BFD31846287E2279003E85F3 /* Frameworks */ = {
			isa = PBXFrameworksBuildPhase;
			buildActionMask = 2147483647;
			files = (
			);
			runOnlyForDeploymentPostprocessing = 0;
		};
		BFD31864287E227A003E85F3 /* Frameworks */ = {
			isa = PBXFrameworksBuildPhase;
			buildActionMask = 2147483647;
			files = (
			);
			runOnlyForDeploymentPostprocessing = 0;
		};
		BFD3186E287E227A003E85F3 /* Frameworks */ = {
			isa = PBXFrameworksBuildPhase;
			buildActionMask = 2147483647;
			files = (
			);
			runOnlyForDeploymentPostprocessing = 0;
		};
/* End PBXFrameworksBuildPhase section */

/* Begin PBXGroup section */
		BFD31840287E2279003E85F3 = {
			isa = PBXGroup;
			children = (
				BFD3184B287E2279003E85F3 /* Hera */,
				BFD3186A287E227A003E85F3 /* HeraTests */,
				BFD31874287E227A003E85F3 /* HeraUITests */,
				BFD3184A287E2279003E85F3 /* Products */,
			);
			sourceTree = "<group>";
		};
		BFD3184A287E2279003E85F3 /* Products */ = {
			isa = PBXGroup;
			children = (
				BFD31849287E2279003E85F3 /* Hera.app */,
				BFD31867287E227A003E85F3 /* HeraTests.xctest */,
				BFD31871287E227A003E85F3 /* HeraUITests.xctest */,
			);
			name = Products;
			sourceTree = "<group>";
		};
		BFD3184B287E2279003E85F3 /* Hera */ = {
			isa = PBXGroup;
			children = (
				BFD3184C287E2279003E85F3 /* AppDelegate.h */,
				BFD3184D287E2279003E85F3 /* AppDelegate.m */,
				BFD3184F287E2279003E85F3 /* SceneDelegate.h */,
				BFD31850287E2279003E85F3 /* SceneDelegate.m */,
				BFD31852287E2279003E85F3 /* ViewController.h */,
				BFD31853287E2279003E85F3 /* ViewController.m */,
				BFD31855287E2279003E85F3 /* Main.storyboard */,
				BFD3185B287E227A003E85F3 /* Assets.xcassets */,
				BFD3185D287E227A003E85F3 /* LaunchScreen.storyboard */,
				BFD31860287E227A003E85F3 /* Info.plist */,
				BFD31861287E227A003E85F3 /* main.m */,
				BFD31858287E2279003E85F3 /* Hera.xcdatamodeld */,
			);
			path = Hera;
			sourceTree = "<group>";
		};
		BFD3186A287E227A003E85F3 /* HeraTests */ = {
			isa = PBXGroup;
			children = (
				BFD3186B287E227A003E85F3 /* HeraTests.m */,
			);
			path = HeraTests;
			sourceTree = "<group>";
		};
		BFD31874287E227A003E85F3 /* HeraUITests */ = {
			isa = PBXGroup;
			children = (
				BFD31875287E227A003E85F3 /* HeraUITests.m */,
				BFD31877287E227A003E85F3 /* HeraUITestsLaunchTests.m */,
			);
			path = HeraUITests;
			sourceTree = "<group>";
		};
/* End PBXGroup section */

/* Begin PBXNativeTarget section */
		BFD31848287E2279003E85F3 /* Hera */ = {
			isa = PBXNativeTarget;
			buildConfigurationList = BFD3187B287E227A003E85F3 /* Build configuration list for PBXNativeTarget "Hera" */;
			buildPhases = (
				BFD31845287E2279003E85F3 /* Sources */,
				BFD31846287E2279003E85F3 /* Frameworks */,
				BFD31847287E2279003E85F3 /* Resources */,
			);
			buildRules = (
			);
			dependencies = (
			);
			name = Hera;
			productName = Hera;
			productReference = BFD31849287E2279003E85F3 /* Hera.app */;
			productType = "com.apple.product-type.application";
		};
		BFD31866287E227A003E85F3 /* HeraTests */ = {
			isa = PBXNativeTarget;
			buildConfigurationList = BFD3187E287E227A003E85F3 /* Build configuration list for PBXNativeTarget "HeraTests" */;
			buildPhases = (
				BFD31863287E227A003E85F3 /* Sources */,
				BFD31864287E227A003E85F3 /* Frameworks */,
				BFD31865287E227A003E85F3 /* Resources */,
			);
			buildRules = (
			);
			dependencies = (
				BFD31869287E227A003E85F3 /* PBXTargetDependency */,
			);
			name = HeraTests;
			productName = HeraTests;
			productReference = BFD31867287E227A003E85F3 /* HeraTests.xctest */;
			productType = "com.apple.product-type.bundle.unit-test";
		};
		BFD31870287E227A003E85F3 /* HeraUITests */ = {
			isa = PBXNativeTarget;
			buildConfigurationList = BFD31881287E227A003E85F3 /* Build configuration list for PBXNativeTarget "HeraUITests" */;
			buildPhases = (
				BFD3186D287E227A003E85F3 /* Sources */,
				BFD3186E287E227A003E85F3 /* Frameworks */,
				BFD3186F287E227A003E85F3 /* Resources */,
			);
			buildRules = (
			);
			dependencies = (
				BFD31873287E227A003E85F3 /* PBXTargetDependency */,
			);
			name = HeraUITests;
			productName = HeraUITests;
			productReference = BFD31871287E227A003E85F3 /* HeraUITests.xctest */;
			productType = "com.apple.product-type.bundle.ui-testing";
		};
/* End PBXNativeTarget section */

/* Begin PBXProject section */
		BFD31841287E2279003E85F3 /* Project object */ = {
			isa = PBXProject;
			attributes = {
				BuildIndependentTargetsInParallel = 1;
				LastUpgradeCheck = 1340;
				TargetAttributes = {
					BFD31848287E2279003E85F3 = {
						CreatedOnToolsVersion = 13.4.1;
					};
					BFD31866287E227A003E85F3 = {
						CreatedOnToolsVersion = 13.4.1;
						TestTargetID = BFD31848287E2279003E85F3;
					};
					BFD31870287E227A003E85F3 = {
						CreatedOnToolsVersion = 13.4.1;
						TestTargetID = BFD31848287E2279003E85F3;
					};
				};
			};
			buildConfigurationList = BFD31844287E2279003E85F3 /* Build configuration list for PBXProject "Hera" */;
			compatibilityVersion = "Xcode 13.0";
			developmentRegion = en;
			hasScannedForEncodings = 0;
			knownRegions = (
				en,
				Base,
			);
			mainGroup = BFD31840287E2279003E85F3;
			productRefGroup = BFD3184A287E2279003E85F3 /* Products */;
			projectDirPath = "";
			projectRoot = "";
			targets = (
				BFD31848287E2279003E85F3 /* Hera */,
				BFD31866287E227A003E85F3 /* HeraTests */,
				BFD31870287E227A003E85F3 /* HeraUITests */,
			);
		};
/* End PBXProject section */

/* Begin PBXResourcesBuildPhase section */
		BFD31847287E2279003E85F3 /* Resources */ = {
			isa = PBXResourcesBuildPhase;
			buildActionMask = 2147483647;
			files = (
				BFD3185F287E227A003E85F3 /* LaunchScreen.storyboard in Resources */,
				BFD3185C287E227A003E85F3 /* Assets.xcassets in Resources */,
				BFD31857287E2279003E85F3 /* Main.storyboard in Resources */,
			);
			runOnlyForDeploymentPostprocessing = 0;
		};
		BFD31865287E227A003E85F3 /* Resources */ = {
			isa = PBXResourcesBuildPhase;
			buildActionMask = 2147483647;
			files = (
			);
			runOnlyForDeploymentPostprocessing = 0;
		};
		BFD3186F287E227A003E85F3 /* Resources */ = {
			isa = PBXResourcesBuildPhase;
			buildActionMask = 2147483647;
			files = (
			);
			runOnlyForDeploymentPostprocessing = 0;
		};
/* End PBXResourcesBuildPhase section */

/* Begin PBXSourcesBuildPhase section */
		BFD31845287E2279003E85F3 /* Sources */ = {
			isa = PBXSourcesBuildPhase;
			buildActionMask = 2147483647;
			files = (
				BFD31862287E227A003E85F3 /* main.m in Sources */,
				BFD31854287E2279003E85F3 /* ViewController.m in Sources */,
				BFD3185A287E2279003E85F3 /* Hera.xcdatamodeld in Sources */,
				BFD3184E287E2279003E85F3 /* AppDelegate.m in Sources */,
				BFD31851287E2279003E85F3 /* SceneDelegate.m in Sources */,
			);
			runOnlyForDeploymentPostprocessing = 0;
		};
		BFD31863287E227A003E85F3 /* Sources */ = {
			isa = PBXSourcesBuildPhase;
			buildActionMask = 2147483647;
			files = (
				BFD3186C287E227A003E85F3 /* HeraTests.m in Sources */,
			);
			runOnlyForDeploymentPostprocessing = 0;
		};
		BFD3186D287E227A003E85F3 /* Sources */ = {
			isa = PBXSourcesBuildPhase;
			buildActionMask = 2147483647;
			files = (
				BFD31878287E227A003E85F3 /* HeraUITestsLaunchTests.m in Sources */,
				BFD31876287E227A003E85F3 /* HeraUITests.m in Sources */,
			);
			runOnlyForDeploymentPostprocessing = 0;
		};
/* End PBXSourcesBuildPhase section */

/* Begin PBXTargetDependency section */
		BFD31869287E227A003E85F3 /* PBXTargetDependency */ = {
			isa = PBXTargetDependency;
			target = BFD31848287E2279003E85F3 /* Hera */;
			targetProxy = BFD31868287E227A003E85F3 /* PBXContainerItemProxy */;
		};
		BFD31873287E227A003E85F3 /* PBXTargetDependency */ = {
			isa = PBXTargetDependency;
			target = BFD31848287E2279003E85F3 /* Hera */;
			targetProxy = BFD31872287E227A003E85F3 /* PBXContainerItemProxy */;
		};
/* End PBXTargetDependency section */

/* Begin PBXVariantGroup section */
		BFD31855287E2279003E85F3 /* Main.storyboard */ = {
			isa = PBXVariantGroup;
			children = (
				BFD31856287E2279003E85F3 /* Base */,
			);
			name = Main.storyboard;
			sourceTree = "<group>";
		};
		BFD3185D287E227A003E85F3 /* LaunchScreen.storyboard */ = {
			isa = PBXVariantGroup;
			children = (
				BFD3185E287E227A003E85F3 /* Base */,
			);
			name = LaunchScreen.storyboard;
			sourceTree = "<group>";
		};
/* End PBXVariantGroup section */

/* Begin XCBuildConfiguration section */
		BFD31879287E227A003E85F3 /* Debug */ = {
			isa = XCBuildConfiguration;
			buildSettings = {
				ALWAYS_SEARCH_USER_PATHS = NO;
				CLANG_ANALYZER_NONNULL = YES;
				CLANG_ANALYZER_NUMBER_OBJECT_CONVERSION = YES_AGGRESSIVE;
				CLANG_CXX_LANGUAGE_STANDARD = "gnu++17";
				CLANG_ENABLE_MODULES = YES;
				CLANG_ENABLE_OBJC_ARC = YES;
				CLANG_ENABLE_OBJC_WEAK = YES;
				CLANG_WARN_BLOCK_CAPTURE_AUTORELEASING = YES;
				CLANG_WARN_BOOL_CONVERSION = YES;
				CLANG_WARN_COMMA = YES;
				CLANG_WARN_CONSTANT_CONVERSION = YES;
				CLANG_WARN_DEPRECATED_OBJC_IMPLEMENTATIONS = YES;
				CLANG_WARN_DIRECT_OBJC_ISA_USAGE = YES_ERROR;
				CLANG_WARN_DOCUMENTATION_COMMENTS = YES;
				CLANG_WARN_EMPTY_BODY = YES;
				CLANG_WARN_ENUM_CONVERSION = YES;
				CLANG_WARN_INFINITE_RECURSION = YES;
				CLANG_WARN_INT_CONVERSION = YES;
				CLANG_WARN_NON_LITERAL_NULL_CONVERSION = YES;
				CLANG_WARN_OBJC_IMPLICIT_RETAIN_SELF = YES;
				CLANG_WARN_OBJC_LITERAL_CONVERSION = YES;
				CLANG_WARN_OBJC_ROOT_CLASS = YES_ERROR;
				CLANG_WARN_QUOTED_INCLUDE_IN_FRAMEWORK_HEADER = YES;
				CLANG_WARN_RANGE_LOOP_ANALYSIS = YES;
				CLANG_WARN_STRICT_PROTOTYPES = YES;
				CLANG_WARN_SUSPICIOUS_MOVE = YES;
				CLANG_WARN_UNGUARDED_AVAILABILITY = YES_AGGRESSIVE;
				CLANG_WARN_UNREACHABLE_CODE = YES;
				CLANG_WARN__DUPLICATE_METHOD_MATCH = YES;
				COPY_PHASE_STRIP = NO;
				DEBUG_INFORMATION_FORMAT = dwarf;
				ENABLE_STRICT_OBJC_MSGSEND = YES;
				ENABLE_TESTABILITY = YES;
				GCC_C_LANGUAGE_STANDARD = gnu11;
				GCC_DYNAMIC_NO_PIC = NO;
				GCC_NO_COMMON_BLOCKS = YES;
				GCC_OPTIMIZATION_LEVEL = 0;
				GCC_PREPROCESSOR_DEFINITIONS = (
					"DEBUG=1",
					"$(inherited)",
				);
				GCC_WARN_64_TO_32_BIT_CONVERSION = YES;
				GCC_WARN_ABOUT_RETURN_TYPE = YES_ERROR;
				GCC_WARN_UNDECLARED_SELECTOR = YES;
				GCC_WARN_UNINITIALIZED_AUTOS = YES_AGGRESSIVE;
				GCC_WARN_UNUSED_FUNCTION = YES;
				GCC_WARN_UNUSED_VARIABLE = YES;
				IPHONEOS_DEPLOYMENT_TARGET = 15.5;
				MTL_ENABLE_DEBUG_INFO = INCLUDE_SOURCE;
				MTL_FAST_MATH = YES;
				ONLY_ACTIVE_ARCH = YES;
				SDKROOT = iphoneos;
			};
			name = Debug;
		};
		BFD3187A287E227A003E85F3 /* Release */ = {
			isa = XCBuildConfiguration;
			buildSettings = {
				ALWAYS_SEARCH_USER_PATHS = NO;
				CLANG_ANALYZER_NONNULL = YES;
				CLANG_ANALYZER_NUMBER_OBJECT_CONVERSION = YES_AGGRESSIVE;
				CLANG_CXX_LANGUAGE_STANDARD = "gnu++17";
				CLANG_ENABLE_MODULES = YES;
				CLANG_ENABLE_OBJC_ARC = YES;
				CLANG_ENABLE_OBJC_WEAK = YES;
				CLANG_WARN_BLOCK_CAPTURE_AUTORELEASING = YES;
				CLANG_WARN_BOOL_CONVERSION = YES;
				CLANG_WARN_COMMA = YES;
				CLANG_WARN_CONSTANT_CONVERSION = YES;
				CLANG_WARN_DEPRECATED_OBJC_IMPLEMENTATIONS = YES;
				CLANG_WARN_DIRECT_OBJC_ISA_USAGE = YES_ERROR;
				CLANG_WARN_DOCUMENTATION_COMMENTS = YES;
				CLANG_WARN_EMPTY_BODY = YES;
				CLANG_WARN_ENUM_CONVERSION = YES;
				CLANG_WARN_INFINITE_RECURSION = YES;
				CLANG_WARN_INT_CONVERSION = YES;
				CLANG_WARN_NON_LITERAL_NULL_CONVERSION = YES;
				CLANG_WARN_OBJC_IMPLICIT_RETAIN_SELF = YES;
				CLANG_WARN_OBJC_LITERAL_CONVERSION = YES;
				CLANG_WARN_OBJC_ROOT_CLASS = YES_ERROR;
				CLANG_WARN_QUOTED_INCLUDE_IN_FRAMEWORK_HEADER = YES;
				CLANG_WARN_RANGE_LOOP_ANALYSIS = YES;
				CLANG_WARN_STRICT_PROTOTYPES = YES;
				CLANG_WARN_SUSPICIOUS_MOVE = YES;
				CLANG_WARN_UNGUARDED_AVAILABILITY = YES_AGGRESSIVE;
				CLANG_WARN_UNREACHABLE_CODE = YES;
				CLANG_WARN__DUPLICATE_METHOD_MATCH = YES;
				COPY_PHASE_STRIP = NO;
				DEBUG_INFORMATION_FORMAT = "dwarf-with-dsym";
				ENABLE_NS_ASSERTIONS = NO;
				ENABLE_STRICT_OBJC_MSGSEND = YES;
				GCC_C_LANGUAGE_STANDARD = gnu11;
				GCC_NO_COMMON_BLOCKS = YES;
				GCC_WARN_64_TO_32_BIT_CONVERSION = YES;
				GCC_WARN_ABOUT_RETURN_TYPE = YES_ERROR;
				GCC_WARN_UNDECLARED_SELECTOR = YES;
				GCC_WARN_UNINITIALIZED_AUTOS = YES_AGGRESSIVE;
				GCC_WARN_UNUSED_FUNCTION = YES;
				GCC_WARN_UNUSED_VARIABLE = YES;
				IPHONEOS_DEPLOYMENT_TARGET = 15.5;
				MTL_ENABLE_DEBUG_INFO = NO;
				MTL_FAST_MATH = YES;
				SDKROOT = iphoneos;
				VALIDATE_PRODUCT = YES;
			};
			name = Release;
		};
		BFD3187C287E227A003E85F3 /* Debug */ = {
			isa = XCBuildConfiguration;
			buildSettings = {
				ASSETCATALOG_COMPILER_APPICON_NAME = AppIcon;
				ASSETCATALOG_COMPILER_GLOBAL_ACCENT_COLOR_NAME = AccentColor;
				CODE_SIGN_STYLE = Automatic;
				CURRENT_PROJECT_VERSION = 1;
				DEVELOPMENT_TEAM = 4TPXP6N79S;
				GENERATE_INFOPLIST_FILE = YES;
				INFOPLIST_FILE = Hera/Info.plist;
				INFOPLIST_KEY_UIApplicationSupportsIndirectInputEvents = YES;
				INFOPLIST_KEY_UILaunchStoryboardName = LaunchScreen;
				INFOPLIST_KEY_UIMainStoryboardFile = Main;
				INFOPLIST_KEY_UISupportedInterfaceOrientations_iPad = "UIInterfaceOrientationPortrait UIInterfaceOrientationPortraitUpsideDown UIInterfaceOrientationLandscapeLeft UIInterfaceOrientationLandscapeRight";
				INFOPLIST_KEY_UISupportedInterfaceOrientations_iPhone = "UIInterfaceOrientationPortrait UIInterfaceOrientationLandscapeLeft UIInterfaceOrientationLandscapeRight";
				LD_RUNPATH_SEARCH_PATHS = (
					"$(inherited)",
					"@executable_path/Frameworks",
				);
				MARKETING_VERSION = 1.0;
				PRODUCT_BUNDLE_IDENTIFIER = com.andreaslordos.Hera;
				PRODUCT_NAME = "$(TARGET_NAME)";
				SWIFT_EMIT_LOC_STRINGS = YES;
				TARGETED_DEVICE_FAMILY = "1,2";
			};
			name = Debug;
		};
		BFD3187D287E227A003E85F3 /* Release */ = {
			isa = XCBuildConfiguration;
			buildSettings = {
				ASSETCATALOG_COMPILER_APPICON_NAME = AppIcon;
				ASSETCATALOG_COMPILER_GLOBAL_ACCENT_COLOR_NAME = AccentColor;
				CODE_SIGN_STYLE = Automatic;
				CURRENT_PROJECT_VERSION = 1;
				DEVELOPMENT_TEAM = 4TPXP6N79S;
				GENERATE_INFOPLIST_FILE = YES;
				INFOPLIST_FILE = Hera/Info.plist;
				INFOPLIST_KEY_UIApplicationSupportsIndirectInputEvents = YES;
				INFOPLIST_KEY_UILaunchStoryboardName = LaunchScreen;
				INFOPLIST_KEY_UIMainStoryboardFile = Main;
				INFOPLIST_KEY_UISupportedInterfaceOrientations_iPad = "UIInterfaceOrientationPortrait UIInterfaceOrientationPortraitUpsideDown UIInterfaceOrientationLandscapeLeft UIInterfaceOrientationLandscapeRight";
				INFOPLIST_KEY_UISupportedInterfaceOrientations_iPhone = "UIInterfaceOrientationPortrait UIInterfaceOrientationLandscapeLeft UIInterfaceOrientationLandscapeRight";
				LD_RUNPATH_SEARCH_PATHS = (
					"$(inherited)",
					"@executable_path/Frameworks",
				);
				MARKETING_VERSION = 1.0;
				PRODUCT_BUNDLE_IDENTIFIER = com.andreaslordos.Hera;
				PRODUCT_NAME = "$(TARGET_NAME)";
				SWIFT_EMIT_LOC_STRINGS = YES;
				TARGETED_DEVICE_FAMILY = "1,2";
			};
			name = Release;
		};
		BFD3187F287E227A003E85F3 /* Debug */ = {
			isa = XCBuildConfiguration;
			buildSettings = {
				BUNDLE_LOADER = "$(TEST_HOST)";
				CODE_SIGN_STYLE = Automatic;
				CURRENT_PROJECT_VERSION = 1;
				DEVELOPMENT_TEAM = 4TPXP6N79S;
				GENERATE_INFOPLIST_FILE = YES;
				IPHONEOS_DEPLOYMENT_TARGET = 15.5;
				MARKETING_VERSION = 1.0;
				PRODUCT_BUNDLE_IDENTIFIER = com.andreaslordos.HeraTests;
				PRODUCT_NAME = "$(TARGET_NAME)";
				SWIFT_EMIT_LOC_STRINGS = NO;
				TARGETED_DEVICE_FAMILY = "1,2";
				TEST_HOST = "$(BUILT_PRODUCTS_DIR)/Hera.app/Hera";
			};
			name = Debug;
		};
		BFD31880287E227A003E85F3 /* Release */ = {
			isa = XCBuildConfiguration;
			buildSettings = {
				BUNDLE_LOADER = "$(TEST_HOST)";
				CODE_SIGN_STYLE = Automatic;
				CURRENT_PROJECT_VERSION = 1;
				DEVELOPMENT_TEAM = 4TPXP6N79S;
				GENERATE_INFOPLIST_FILE = YES;
				IPHONEOS_DEPLOYMENT_TARGET = 15.5;
				MARKETING_VERSION = 1.0;
				PRODUCT_BUNDLE_IDENTIFIER = com.andreaslordos.HeraTests;
				PRODUCT_NAME = "$(TARGET_NAME)";
				SWIFT_EMIT_LOC_STRINGS = NO;
				TARGETED_DEVICE_FAMILY = "1,2";
				TEST_HOST = "$(BUILT_PRODUCTS_DIR)/Hera.app/Hera";
			};
			name = Release;
		};
		BFD31882287E227A003E85F3 /* Debug */ = {
			isa = XCBuildConfiguration;
			buildSettings = {
				CODE_SIGN_STYLE = Automatic;
				CURRENT_PROJECT_VERSION = 1;
				DEVELOPMENT_TEAM = 4TPXP6N79S;
				GENERATE_INFOPLIST_FILE = YES;
				MARKETING_VERSION = 1.0;
				PRODUCT_BUNDLE_IDENTIFIER = com.andreaslordos.HeraUITests;
				PRODUCT_NAME = "$(TARGET_NAME)";
				SWIFT_EMIT_LOC_STRINGS = NO;
				TARGETED_DEVICE_FAMILY = "1,2";
				TEST_TARGET_NAME = Hera;
			};
			name = Debug;
		};
		BFD31883287E227A003E85F3 /* Release */ = {
			isa = XCBuildConfiguration;
			buildSettings = {
				CODE_SIGN_STYLE = Automatic;
				CURRENT_PROJECT_VERSION = 1;
				DEVELOPMENT_TEAM = 4TPXP6N79S;
				GENERATE_INFOPLIST_FILE = YES;
				MARKETING_VERSION = 1.0;
				PRODUCT_BUNDLE_IDENTIFIER = com.andreaslordos.HeraUITests;
				PRODUCT_NAME = "$(TARGET_NAME)";
				SWIFT_EMIT_LOC_STRINGS = NO;
				TARGETED_DEVICE_FAMILY = "1,2";
				TEST_TARGET_NAME = Hera;
			};
			name = Release;
		};
/* End XCBuildConfiguration section */

/* Begin XCConfigurationList section */
		BFD31844287E2279003E85F3 /* Build configuration list for PBXProject "Hera" */ = {
			isa = XCConfigurationList;
			buildConfigurations = (
				BFD31879287E227A003E85F3 /* Debug */,
				BFD3187A287E227A003E85F3 /* Release */,
			);
			defaultConfigurationIsVisible = 0;
			defaultConfigurationName = Release;
		};
		BFD3187B287E227A003E85F3 /* Build configuration list for PBXNativeTarget "Hera" */ = {
			isa = XCConfigurationList;
			buildConfigurations = (
				BFD3187C287E227A003E85F3 /* Debug */,
				BFD3187D287E227A003E85F3 /* Release */,
			);
			defaultConfigurationIsVisible = 0;
			defaultConfigurationName = Release;
		};
		BFD3187E287E227A003E85F3 /* Build configuration list for PBXNativeTarget "HeraTests" */ = {
			isa = XCConfigurationList;
			buildConfigurations = (
				BFD3187F287E227A003E85F3 /* Debug */,
				BFD31880287E227A003E85F3 /* Release */,
			);
			defaultConfigurationIsVisible = 0;
			defaultConfigurationName = Release;
		};
		BFD31881287E227A003E85F3 /* Build configuration list for PBXNativeTarget "HeraUITests" */ = {
			isa = XCConfigurationList;
			buildConfigurations = (
				BFD31882287E227A003E85F3 /* Debug */,
				BFD31883287E227A003E85F3 /* Release */,
			);
			defaultConfigurationIsVisible = 0;
			defaultConfigurationName = Release;
		};
/* End XCConfigurationList section */

/* Begin XCVersionGroup section */
		BFD31858287E2279003E85F3 /* Hera.xcdatamodeld */ = {
			isa = XCVersionGroup;
			children = (
				BFD31859287E2279003E85F3 /* Hera.xcdatamodel */,
			);
			currentVersion = BFD31859287E2279003E85F3 /* Hera.xcdatamodel */;
			path = Hera.xcdatamodeld;
			sourceTree = "<group>";
			versionGroupType = wrapper.xcdatamodel;
		};
/* End XCVersionGroup section */
	};
	rootObject = BFD31841287E2279003E85F3 /* Project object */;
}
